
Microsoft Visual Studio Solution File, Format Version 12.00
# Visual Studio Version 16
VisualStudioVersion = 16.0.30907.101
MinimumVisualStudioVersion = 10.0.40219.1
Project("{9A19103F-16F7-4668-BE54-9A1E7A4F7556}") = "HugeFile.Gen", "HugeFile.Gen\HugeFile.Gen.csproj", "{F2CF0FB6-145B-4D18-942A-82706AF1940F}"
EndProject
Project("{9A19103F-16F7-4668-BE54-9A1E7A4F7556}") = "HugeFile.Sort", "HugeFile.Sort\HugeFile.Sort.csproj", "{6D91B6B4-C0D5-4889-98D9-0CA9DB30F356}"
EndProject
Global
	GlobalSection(SolutionConfigurationPlatforms) = preSolution
		Debug|Any CPU = Debug|Any CPU
		Release|Any CPU = Release|Any CPU
	EndGlobalSection
	GlobalSection(ProjectConfigurationPlatforms) = postSolution
		{F2CF0FB6-145B-4D18-942A-82706AF1940F}.Debug|Any CPU.ActiveCfg = Debug|Any CPU
		{F2CF0FB6-145B-4D18-942A-82706AF1940F}.Debug|Any CPU.Build.0 = Debug|Any CPU
		{F2CF0FB6-145B-4D18-942A-82706AF1940F}.Release|Any CPU.ActiveCfg = Release|Any CPU
		{F2CF0FB6-145B-4D18-942A-82706AF1940F}.Release|Any CPU.Build.0 = Release|Any CPU
		{6D91B6B4-C0D5-4889-98D9-0CA9DB30F356}.Debug|Any CPU.ActiveCfg = Debug|Any CPU
		{6D91B6B4-C0D5-4889-98D9-0CA9DB30F356}.Debug|Any CPU.Build.0 = Debug|Any CPU
		{6D91B6B4-C0D5-4889-98D9-0CA9DB30F356}.Release|Any CPU.ActiveCfg = Release|Any CPU
		{6D91B6B4-C0D5-4889-98D9-0CA9DB30F356}.Release|Any CPU.Build.0 = Release|Any CPU
	EndGlobalSection
	GlobalSection(SolutionProperties) = preSolution
		HideSolutionNode = FALSE
	EndGlobalSection
	GlobalSection(ExtensibilityGlobals) = postSolution
		SolutionGuid = {6CF5D1BE-ABAD-41C0-997E-B970034E3027}
	EndGlobalSection
EndGlobal
